
Microsoft Visual Studio Solution File, Format Version 12.00
# Visual Studio Version 17
VisualStudioVersion = 17.14.36127.28 d17.14
MinimumVisualStudioVersion = 10.0.40219.1
Project("{FAE04EC0-301F-11D3-BF4B-00C04F79EFBC}") = "CowboyQuickDraw", "CowboyQuickDraw.csproj", "{FA2A6FB7-FA79-4008-8962-BF84636FD0BD}"
EndProject
Global
	GlobalSection(SolutionConfigurationPlatforms) = preSolution
		Debug|Any CPU = Debug|Any CPU
		Release|Any CPU = Release|Any CPU
	EndGlobalSection
	GlobalSection(ProjectConfigurationPlatforms) = postSolution
		{FA2A6FB7-FA79-4008-8962-BF84636FD0BD}.Debug|Any CPU.ActiveCfg = Debug|Any CPU
		{FA2A6FB7-FA79-4008-8962-BF84636FD0BD}.Debug|Any CPU.Build.0 = Debug|Any CPU
		{FA2A6FB7-FA79-4008-8962-BF84636FD0BD}.Release|Any CPU.ActiveCfg = Release|Any CPU
		{FA2A6FB7-FA79-4008-8962-BF84636FD0BD}.Release|Any CPU.Build.0 = Release|Any CPU
	EndGlobalSection
	GlobalSection(SolutionProperties) = preSolution
		HideSolutionNode = FALSE
	EndGlobalSection
	GlobalSection(ExtensibilityGlobals) = postSolution
		SolutionGuid = {F98F4F50-A9F9-4CEA-9034-9AF5308C0DF5}
	EndGlobalSection
EndGlobal
